
Microsoft Visual Studio Solution File, Format Version 12.00
# Visual Studio Version 16
VisualStudioVersion = 16.0.30114.105
MinimumVisualStudioVersion = 10.0.40219.1
Project("{FAE04EC0-301F-11D3-BF4B-00C04F79EFBC}") = "Felt.Needle.Visitors", "Felt.Needle.Visitors\Felt.Needle.Visitors.csproj", "{1AAB72A1-6BDA-434F-B44C-5E4779445B1B}"
EndProject
Project("{FAE04EC0-301F-11D3-BF4B-00C04F79EFBC}") = "Felt.Needle.Visitors.Tests", "Felt.Needle.Visitors.Tests\Felt.Needle.Visitors.Tests.csproj", "{C73FD295-DDA6-4F40-B50A-45B2462BD4D2}"
EndProject
Project("{FAE04EC0-301F-11D3-BF4B-00C04F79EFBC}") = "DummyProject", "DummyProject\DummyProject.csproj", "{DB5E2704-01CF-4D99-B896-C1237897913D}"
EndProject
Global
	GlobalSection(SolutionConfigurationPlatforms) = preSolution
		Debug|Any CPU = Debug|Any CPU
		Release|Any CPU = Release|Any CPU
	EndGlobalSection
	GlobalSection(SolutionProperties) = preSolution
		HideSolutionNode = FALSE
	EndGlobalSection
	GlobalSection(ProjectConfigurationPlatforms) = postSolution
		{1AAB72A1-6BDA-434F-B44C-5E4779445B1B}.Debug|Any CPU.ActiveCfg = Debug|Any CPU
		{1AAB72A1-6BDA-434F-B44C-5E4779445B1B}.Debug|Any CPU.Build.0 = Debug|Any CPU
		{1AAB72A1-6BDA-434F-B44C-5E4779445B1B}.Release|Any CPU.ActiveCfg = Release|Any CPU
		{1AAB72A1-6BDA-434F-B44C-5E4779445B1B}.Release|Any CPU.Build.0 = Release|Any CPU
		{C73FD295-DDA6-4F40-B50A-45B2462BD4D2}.Debug|Any CPU.ActiveCfg = Debug|Any CPU
		{C73FD295-DDA6-4F40-B50A-45B2462BD4D2}.Debug|Any CPU.Build.0 = Debug|Any CPU
		{C73FD295-DDA6-4F40-B50A-45B2462BD4D2}.Release|Any CPU.ActiveCfg = Release|Any CPU
		{C73FD295-DDA6-4F40-B50A-45B2462BD4D2}.Release|Any CPU.Build.0 = Release|Any CPU
		{DB5E2704-01CF-4D99-B896-C1237897913D}.Debug|Any CPU.ActiveCfg = Debug|Any CPU
		{DB5E2704-01CF-4D99-B896-C1237897913D}.Debug|Any CPU.Build.0 = Debug|Any CPU
		{DB5E2704-01CF-4D99-B896-C1237897913D}.Release|Any CPU.ActiveCfg = Release|Any CPU
		{DB5E2704-01CF-4D99-B896-C1237897913D}.Release|Any CPU.Build.0 = Release|Any CPU
	EndGlobalSection
EndGlobal
